dependencies:
- name: argo-cd
  repository: https://argoproj.github.io/argo-helm
  version: 7.6.12
- name: argocd-apps
  repository: https://argoproj.github.io/argo-helm
  version: 1.6.1
digest: sha256:5528c53812f0a95e8b98558a235f92a843165038261b3e5de85643af94b99325
generated: "2025-04-06T21:19:51.216995+02:00"
