dependencies:
- name: argo-cd
  repository: https://argoproj.github.io/argo-helm
  version: 7.6.12
- name: argocd-apps
  repository: https://argoproj.github.io/argo-helm
  version: 1.6.1
- name: argocd-image-updater
  repository: https://argoproj.github.io/argo-helm
  version: 0.11.0
- name: sealed-secrets-template
  repository: file://../../deployment-charts/sealed-secrets-template
  version: 0.1.0
digest: sha256:e0c892ae39667f04318b12052f3c36b54f8f962ad79a7ef1ae7f1fb5c46cada7
generated: "2025-04-06T20:22:08.467826+02:00"
